
Microsoft Visual Studio Solution File, Format Version 12.00
# Visual Studio Version 16
VisualStudioVersion = 16.0.31702.278
MinimumVisualStudioVersion = 10.0.40219.1
Project("{FAE04EC0-301F-11D3-BF4B-00C04F79EFBC}") = "Prius-Service", "Prius-Service\Prius-Service.csproj", "{DC93D6EB-A649-4ED1-AEBF-41B771B1E33F}"
EndProject
Global
	GlobalSection(SolutionConfigurationPlatforms) = preSolution
		Debug|Any CPU = Debug|Any CPU
		Release|Any CPU = Release|Any CPU
	EndGlobalSection
	GlobalSection(ProjectConfigurationPlatforms) = postSolution
		{DC93D6EB-A649-4ED1-AEBF-41B771B1E33F}.Debug|Any CPU.ActiveCfg = Debug|Any CPU
		{DC93D6EB-A649-4ED1-AEBF-41B771B1E33F}.Debug|Any CPU.Build.0 = Debug|Any CPU
		{DC93D6EB-A649-4ED1-AEBF-41B771B1E33F}.Release|Any CPU.ActiveCfg = Release|Any CPU
		{DC93D6EB-A649-4ED1-AEBF-41B771B1E33F}.Release|Any CPU.Build.0 = Release|Any CPU
	EndGlobalSection
	GlobalSection(SolutionProperties) = preSolution
		HideSolutionNode = FALSE
	EndGlobalSection
	GlobalSection(ExtensibilityGlobals) = postSolution
		SolutionGuid = {1535F33B-FA20-493D-8BBB-99AA215D97F4}
	EndGlobalSection
EndGlobal
